
Microsoft Visual Studio Solution File, Format Version 12.00
# Visual Studio 2012
Project("{FAE04EC0-301F-11D3-BF4B-00C04F79EFBC}") = "QiwiApi", "QiwiApi\QiwiApi.csproj", "{21324342-DCF4-42D8-87C3-5C66808E0F38}"
EndProject
Global
	GlobalSection(SolutionConfigurationPlatforms) = preSolution
		Debug|Any CPU = Debug|Any CPU
		Release|Any CPU = Release|Any CPU
	EndGlobalSection
	GlobalSection(ProjectConfigurationPlatforms) = postSolution
		{21324342-DCF4-42D8-87C3-5C66808E0F38}.Debug|Any CPU.ActiveCfg = Debug|Any CPU
		{21324342-DCF4-42D8-87C3-5C66808E0F38}.Debug|Any CPU.Build.0 = Debug|Any CPU
		{21324342-DCF4-42D8-87C3-5C66808E0F38}.Release|Any CPU.ActiveCfg = Release|Any CPU
		{21324342-DCF4-42D8-87C3-5C66808E0F38}.Release|Any CPU.Build.0 = Release|Any CPU
	EndGlobalSection
	GlobalSection(MonoDevelopProperties) = preSolution
		Policies = $0
		$0.TextStylePolicy = $1
		$1.EolMarker = Unix
		$1.scope = text/x-csharp
		$0.CSharpFormattingPolicy = $2
		$2.scope = text/x-csharp
		version = 1.3
	EndGlobalSection
EndGlobal
